
Microsoft Visual Studio Solution File, Format Version 12.00
# Visual Studio Version 17
VisualStudioVersion = 17.9.34622.214
MinimumVisualStudioVersion = 10.0.40219.1
Project("{FAE04EC0-301F-11D3-BF4B-00C04F79EFBC}") = "CardProject", "CardProject\CardProject.csproj", "{F4FCA527-8074-4E5C-B8AC-4A01AE33CCFF}"
EndProject
Global
	GlobalSection(SolutionConfigurationPlatforms) = preSolution
		Debug|Any CPU = Debug|Any CPU
		Release|Any CPU = Release|Any CPU
	EndGlobalSection
	GlobalSection(ProjectConfigurationPlatforms) = postSolution
		{F4FCA527-8074-4E5C-B8AC-4A01AE33CCFF}.Debug|Any CPU.ActiveCfg = Debug|Any CPU
		{F4FCA527-8074-4E5C-B8AC-4A01AE33CCFF}.Debug|Any CPU.Build.0 = Debug|Any CPU
		{F4FCA527-8074-4E5C-B8AC-4A01AE33CCFF}.Release|Any CPU.ActiveCfg = Release|Any CPU
		{F4FCA527-8074-4E5C-B8AC-4A01AE33CCFF}.Release|Any CPU.Build.0 = Release|Any CPU
	EndGlobalSection
	GlobalSection(SolutionProperties) = preSolution
		HideSolutionNode = FALSE
	EndGlobalSection
	GlobalSection(ExtensibilityGlobals) = postSolution
		SolutionGuid = {88E9564E-1E89-44E3-A805-F86DBF73EA49}
	EndGlobalSection
EndGlobal
